
Microsoft Visual Studio Solution File, Format Version 12.00
Project("{FAE04EC0-301F-11D3-BF4B-00C04F79EFBC}") = "Hive", "Hive\Hive.csproj", "{8042A68D-1190-47BA-A836-A89E8B2359AF}"
EndProject
Project("{FAE04EC0-301F-11D3-BF4B-00C04F79EFBC}") = "Hive.Tests", "Hive.Tests\Hive.Tests.csproj", "{884C2D64-5955-4A24-BEC6-A1B406D920AA}"
EndProject
Global
	GlobalSection(SolutionConfigurationPlatforms) = preSolution
		Debug|Any CPU = Debug|Any CPU
		Release|Any CPU = Release|Any CPU
	EndGlobalSection
	GlobalSection(ProjectConfigurationPlatforms) = postSolution
		{8042A68D-1190-47BA-A836-A89E8B2359AF}.Debug|Any CPU.ActiveCfg = Debug|Any CPU
		{8042A68D-1190-47BA-A836-A89E8B2359AF}.Debug|Any CPU.Build.0 = Debug|Any CPU
		{8042A68D-1190-47BA-A836-A89E8B2359AF}.Release|Any CPU.ActiveCfg = Release|Any CPU
		{8042A68D-1190-47BA-A836-A89E8B2359AF}.Release|Any CPU.Build.0 = Release|Any CPU
		{884C2D64-5955-4A24-BEC6-A1B406D920AA}.Debug|Any CPU.ActiveCfg = Debug|Any CPU
		{884C2D64-5955-4A24-BEC6-A1B406D920AA}.Debug|Any CPU.Build.0 = Debug|Any CPU
		{884C2D64-5955-4A24-BEC6-A1B406D920AA}.Release|Any CPU.ActiveCfg = Release|Any CPU
		{884C2D64-5955-4A24-BEC6-A1B406D920AA}.Release|Any CPU.Build.0 = Release|Any CPU
	EndGlobalSection
EndGlobal
